{
  "name": "narwallet-extension",
  "version": "0.1.0",
  "lockfileVersion": 2,
  "requires": true,
  "packages": {
    "": {
      "name": "narwallet-extension",
      "version": "0.1.0",
      "dependencies": {
        "@types/node": "^14.14.41",
        "content-scripts-register-polyfill": "^4.0.0"
      },
      "devDependencies": {
        "@types/chrome": "^0.0.124"
      }
    },
    "node_modules/@types/chrome": {
      "version": "0.0.124",
      "resolved": "https://registry.npmjs.org/@types/chrome/-/chrome-0.0.124.tgz",
      "integrity": "sha512-0UmDQ6A9gaahvztKryIonSTyUMEhuhKNyyJAnBB7ZJN/YXP7YRkL4onPFSTxnIbXcMnYsQFo8TxsGP8jY2mdEw==",
      "dev": true,
      "dependencies": {
        "@types/filesystem": "*",
        "@types/har-format": "*"
      }
    },
    "node_modules/@types/filesystem": {
      "version": "0.0.29",
      "resolved": "https://registry.npmjs.org/@types/filesystem/-/filesystem-0.0.29.tgz",
      "integrity": "sha512-85/1KfRedmfPGsbK8YzeaQUyV1FQAvMPMTuWFQ5EkLd2w7szhNO96bk3Rh/SKmOfd9co2rCLf0Voy4o7ECBOvw==",
      "dev": true,
      "dependencies": {
        "@types/filewriter": "*"
      }
    },
    "node_modules/@types/filewriter": {
      "version": "0.0.28",
      "resolved": "https://registry.npmjs.org/@types/filewriter/-/filewriter-0.0.28.tgz",
      "integrity": "sha1-wFTor02d11205jq8dviFFocU1LM=",
      "dev": true
    },
    "node_modules/@types/har-format": {
      "version": "1.2.4",
      "resolved": "https://registry.npmjs.org/@types/har-format/-/har-format-1.2.4.tgz",
      "integrity": "sha512-iUxzm1meBm3stxUMzRqgOVHjj4Kgpgu5w9fm4X7kPRfSgVRzythsucEN7/jtOo8SQzm+HfcxWWzJS0mJDH/3DQ==",
      "dev": true
    },
    "node_modules/@types/node": {
      "version": "14.14.41",
      "resolved": "https://registry.npmjs.org/@types/node/-/node-14.14.41.tgz",
      "integrity": "sha512-dueRKfaJL4RTtSa7bWeTK1M+VH+Gns73oCgzvYfHZywRCoPSd8EkXBL0mZ9unPTveBn+D9phZBaxuzpwjWkW0g=="
    },
    "node_modules/content-scripts-register-polyfill": {
      "version": "4.0.0",
      "resolved": "https://registry.npmjs.org/content-scripts-register-polyfill/-/content-scripts-register-polyfill-4.0.0.tgz",
      "integrity": "sha512-fWtYFqNVWOf0o3JkM7Y9tVpUfB9L0KyGpBy+VsHeMTgosqxqlh0aKSzAOtNsT/bEJeM7Mb0rCvn45jiOQsO4GQ==",
      "dependencies": {
        "webext-content-scripts": "^1.0.3",
        "webext-patterns": "^1.1.1",
        "webext-polyfill-kinda": "^0.10.0"
      },
      "funding": {
        "url": "https://github.com/sponsors/fregante"
      }
    },
    "node_modules/escape-string-regexp": {
      "version": "5.0.0",
      "resolved": "https://registry.npmjs.org/escape-string-regexp/-/escape-string-regexp-5.0.0.tgz",
      "integrity": "sha512-/veY75JbMK4j1yjvuUxuVsiS/hr/4iHs9FTT6cgTexxdE0Ly/glccBAkloH/DofkjRbZU3bnoj38mOmhkZ0lHw==",
      "engines": {
        "node": ">=12"
      },
      "funding": {
        "url": "https://github.com/sponsors/sindresorhus"
      }
    },
    "node_modules/webext-content-scripts": {
      "version": "1.0.3",
      "resolved": "https://registry.npmjs.org/webext-content-scripts/-/webext-content-scripts-1.0.3.tgz",
      "integrity": "sha512-Kwd6V/Dbbfl136e30aXd319IZPy3TvgKqqF834vlkOp/ALzEE8caPEbbjGHSQjt/zJVr3vtlUQOWP7GUH8WJlA==",
      "dependencies": {
        "webext-polyfill-kinda": "^0.10.0"
      },
      "funding": {
        "url": "https://github.com/sponsors/fregante"
      }
    },
    "node_modules/webext-patterns": {
      "version": "1.2.0",
      "resolved": "https://registry.npmjs.org/webext-patterns/-/webext-patterns-1.2.0.tgz",
      "integrity": "sha512-AoRWbDuQooGxWqmcGiTN2gIWmMmLUr4TgQ69XhEzxXf+s+vUeKFA9WEKQxWvCyEBetTWhx69WQN9rDupjnh0Mw==",
      "dependencies": {
        "escape-string-regexp": "^5.0.0"
      }
    },
    "node_modules/webext-polyfill-kinda": {
      "version": "0.10.0",
      "resolved": "https://registry.npmjs.org/webext-polyfill-kinda/-/webext-polyfill-kinda-0.10.0.tgz",
      "integrity": "sha512-Yz5WTwig5byFfMXgagtfaJkVU+RrnVqtL1hmvA+GIbpRaGKU1DIrFYHMUUFkeyFqxRSuhbOdLKzteXxCd6VNzA=="
    }
  },
  "dependencies": {
    "@types/chrome": {
      "version": "0.0.124",
      "resolved": "https://registry.npmjs.org/@types/chrome/-/chrome-0.0.124.tgz",
      "integrity": "sha512-0UmDQ6A9gaahvztKryIonSTyUMEhuhKNyyJAnBB7ZJN/YXP7YRkL4onPFSTxnIbXcMnYsQFo8TxsGP8jY2mdEw==",
      "dev": true,
      "requires": {
        "@types/filesystem": "*",
        "@types/har-format": "*"
      }
    },
    "@types/filesystem": {
      "version": "0.0.29",
      "resolved": "https://registry.npmjs.org/@types/filesystem/-/filesystem-0.0.29.tgz",
      "integrity": "sha512-85/1KfRedmfPGsbK8YzeaQUyV1FQAvMPMTuWFQ5EkLd2w7szhNO96bk3Rh/SKmOfd9co2rCLf0Voy4o7ECBOvw==",
      "dev": true,
      "requires": {
        "@types/filewriter": "*"
      }
    },
    "@types/filewriter": {
      "version": "0.0.28",
      "resolved": "https://registry.npmjs.org/@types/filewriter/-/filewriter-0.0.28.tgz",
      "integrity": "sha1-wFTor02d11205jq8dviFFocU1LM=",
      "dev": true
    },
    "@types/har-format": {
      "version": "1.2.4",
      "resolved": "https://registry.npmjs.org/@types/har-format/-/har-format-1.2.4.tgz",
      "integrity": "sha512-iUxzm1meBm3stxUMzRqgOVHjj4Kgpgu5w9fm4X7kPRfSgVRzythsucEN7/jtOo8SQzm+HfcxWWzJS0mJDH/3DQ==",
      "dev": true
    },
    "@types/node": {
      "version": "14.14.41",
      "resolved": "https://registry.npmjs.org/@types/node/-/node-14.14.41.tgz",
      "integrity": "sha512-dueRKfaJL4RTtSa7bWeTK1M+VH+Gns73oCgzvYfHZywRCoPSd8EkXBL0mZ9unPTveBn+D9phZBaxuzpwjWkW0g=="
    },
    "content-scripts-register-polyfill": {
      "version": "4.0.0",
      "resolved": "https://registry.npmjs.org/content-scripts-register-polyfill/-/content-scripts-register-polyfill-4.0.0.tgz",
      "integrity": "sha512-fWtYFqNVWOf0o3JkM7Y9tVpUfB9L0KyGpBy+VsHeMTgosqxqlh0aKSzAOtNsT/bEJeM7Mb0rCvn45jiOQsO4GQ==",
      "requires": {
        "webext-content-scripts": "^1.0.3",
        "webext-patterns": "^1.1.1",
        "webext-polyfill-kinda": "^0.10.0"
      }
    },
    "escape-string-regexp": {
      "version": "5.0.0",
      "resolved": "https://registry.npmjs.org/escape-string-regexp/-/escape-string-regexp-5.0.0.tgz",
      "integrity": "sha512-/veY75JbMK4j1yjvuUxuVsiS/hr/4iHs9FTT6cgTexxdE0Ly/glccBAkloH/DofkjRbZU3bnoj38mOmhkZ0lHw=="
    },
    "webext-content-scripts": {
      "version": "1.0.3",
      "resolved": "https://registry.npmjs.org/webext-content-scripts/-/webext-content-scripts-1.0.3.tgz",
      "integrity": "sha512-Kwd6V/Dbbfl136e30aXd319IZPy3TvgKqqF834vlkOp/ALzEE8caPEbbjGHSQjt/zJVr3vtlUQOWP7GUH8WJlA==",
      "requires": {
        "webext-polyfill-kinda": "^0.10.0"
      }
    },
    "webext-patterns": {
      "version": "1.2.0",
      "resolved": "https://registry.npmjs.org/webext-patterns/-/webext-patterns-1.2.0.tgz",
      "integrity": "sha512-AoRWbDuQooGxWqmcGiTN2gIWmMmLUr4TgQ69XhEzxXf+s+vUeKFA9WEKQxWvCyEBetTWhx69WQN9rDupjnh0Mw==",
      "requires": {
        "escape-string-regexp": "^5.0.0"
      }
    },
    "webext-polyfill-kinda": {
      "version": "0.10.0",
      "resolved": "https://registry.npmjs.org/webext-polyfill-kinda/-/webext-polyfill-kinda-0.10.0.tgz",
      "integrity": "sha512-Yz5WTwig5byFfMXgagtfaJkVU+RrnVqtL1hmvA+GIbpRaGKU1DIrFYHMUUFkeyFqxRSuhbOdLKzteXxCd6VNzA=="
    }
  }
}
