{
  "name": "narwallet-extension",
  "version": "0.1.0",
  "lockfileVersion": 1,
  "requires": true,
  "dependencies": {
    "@types/bn.js": {
      "version": "4.11.6",
      "resolved": "https://registry.npmjs.org/@types/bn.js/-/bn.js-4.11.6.tgz",
      "integrity": "sha512-pqr857jrp2kPuO9uRjZ3PwnJTjoQy+fcdxvBTvHm6dkmEL9q+hDD/2j/0ELOBPtPnS8LjCX0gI9nbl8lVkadpg==",
      "dev": true,
      "requires": {
        "@types/node": "*"
      }
    },
    "@types/chrome": {
      "version": "0.0.124",
      "resolved": "https://registry.npmjs.org/@types/chrome/-/chrome-0.0.124.tgz",
      "integrity": "sha512-0UmDQ6A9gaahvztKryIonSTyUMEhuhKNyyJAnBB7ZJN/YXP7YRkL4onPFSTxnIbXcMnYsQFo8TxsGP8jY2mdEw==",
      "dev": true,
      "requires": {
        "@types/filesystem": "*",
        "@types/har-format": "*"
      }
    },
    "@types/create-hmac": {
      "version": "1.1.0",
      "resolved": "https://registry.npmjs.org/@types/create-hmac/-/create-hmac-1.1.0.tgz",
      "integrity": "sha512-BNYNdzdhOZZQWCOpwvIll3FSvgo3e55Y2M6s/jOY6TuOCwqt3cLmQsK4tSmJ5fayDot8EG4k3+hcZagfww9JlQ==",
      "requires": {
        "@types/node": "*"
      }
    },
    "@types/filesystem": {
      "version": "0.0.29",
      "resolved": "https://registry.npmjs.org/@types/filesystem/-/filesystem-0.0.29.tgz",
      "integrity": "sha512-85/1KfRedmfPGsbK8YzeaQUyV1FQAvMPMTuWFQ5EkLd2w7szhNO96bk3Rh/SKmOfd9co2rCLf0Voy4o7ECBOvw==",
      "dev": true,
      "requires": {
        "@types/filewriter": "*"
      }
    },
    "@types/filewriter": {
      "version": "0.0.28",
      "resolved": "https://registry.npmjs.org/@types/filewriter/-/filewriter-0.0.28.tgz",
      "integrity": "sha1-wFTor02d11205jq8dviFFocU1LM=",
      "dev": true
    },
    "@types/har-format": {
      "version": "1.2.4",
      "resolved": "https://registry.npmjs.org/@types/har-format/-/har-format-1.2.4.tgz",
      "integrity": "sha512-iUxzm1meBm3stxUMzRqgOVHjj4Kgpgu5w9fm4X7kPRfSgVRzythsucEN7/jtOo8SQzm+HfcxWWzJS0mJDH/3DQ==",
      "dev": true
    },
    "@types/node": {
      "version": "14.14.2",
      "resolved": "https://registry.npmjs.org/@types/node/-/node-14.14.2.tgz",
      "integrity": "sha512-jeYJU2kl7hL9U5xuI/BhKPZ4vqGM/OmK6whiFAXVhlstzZhVamWhDSmHyGLIp+RVyuF9/d0dqr2P85aFj4BvJg=="
    },
    "plus-typescript": {
      "version": "4.2.0",
      "resolved": "https://registry.npmjs.org/plus-typescript/-/plus-typescript-4.2.0.tgz",
      "integrity": "sha512-BxMYU24Zi7LwhxrRtz3FfUaIAjV6CCNRM4DAekFYNzuiGGSGXMnBu+gkcFjnAFI1tBs5syBCMk0eShl0hMNaIQ==",
      "dev": true
    }
  }
}
